// !$*UTF8*$!
{
	archiveVersion = 1;
	classes = {
	};
	objectVersion = 46;
	objects = {

/* Begin PBXBuildFile section */
		E671913417DFB9B0009240D9 /* UIKit.framework in Frameworks */ = {isa = PBXBuildFile; fileRef = E671913317DFB9B0009240D9 /* UIKit.framework */; };
		E671913617DFB9B0009240D9 /* Foundation.framework in Frameworks */ = {isa = PBXBuildFile; fileRef = E671913517DFB9B0009240D9 /* Foundation.framework */; };
		E671913817DFB9B0009240D9 /* CoreGraphics.framework in Frameworks */ = {isa = PBXBuildFile; fileRef = E671913717DFB9B0009240D9 /* CoreGraphics.framework */; };
		E671913E17DFB9B0009240D9 /* InfoPlist.strings in Resources */ = {isa = PBXBuildFile; fileRef = E671913C17DFB9B0009240D9 /* InfoPlist.strings */; };
		E671914017DFB9B0009240D9 /* main.m in Sources */ = {isa = PBXBuildFile; fileRef = E671913F17DFB9B0009240D9 /* main.m */; };
		E671914417DFB9B0009240D9 /* AppDelegate.m in Sources */ = {isa = PBXBuildFile; fileRef = E671914317DFB9B0009240D9 /* AppDelegate.m */; };
		E671914617DFB9B0009240D9 /* Default.png in Resources */ = {isa = PBXBuildFile; fileRef = E671914517DFB9B0009240D9 /* Default.png */; };
		E671914817DFB9B0009240D9 /* Default@2x.png in Resources */ = {isa = PBXBuildFile; fileRef = E671914717DFB9B0009240D9 /* Default@2x.png */; };
		E671914A17DFB9B0009240D9 /* Default-568h@2x.png in Resources */ = {isa = PBXBuildFile; fileRef = E671914917DFB9B0009240D9 /* Default-568h@2x.png */; };
		E671914D17DFB9B0009240D9 /* MainStoryboard.storyboard in Resources */ = {isa = PBXBuildFile; fileRef = E671914B17DFB9B0009240D9 /* MainStoryboard.storyboard */; };
		E671915017DFB9B0009240D9 /* ViewController.m in Sources */ = {isa = PBXBuildFile; fileRef = E671914F17DFB9B0009240D9 /* ViewController.m */; };
		E680550617E1376700F8CB13 /* libsqlite3.dylib in Frameworks */ = {isa = PBXBuildFile; fileRef = E680550517E1376700F8CB13 /* libsqlite3.dylib */; };
		E680550917E1386300F8CB13 /* Stock.m in Sources */ = {isa = PBXBuildFile; fileRef = E680550817E1386300F8CB13 /* Stock.m */; };
/* End PBXBuildFile section */

/* Begin PBXFileReference section */
		E671913017DFB9B0009240D9 /* StockTrackr_iOSPortion.app */ = {isa = PBXFileReference; explicitFileType = wrapper.application; includeInIndex = 0; path = StockTrackr_iOSPortion.app; sourceTree = BUILT_PRODUCTS_DIR; };
		E671913317DFB9B0009240D9 /* UIKit.framework */ = {isa = PBXFileReference; lastKnownFileType = wrapper.framework; name = UIKit.framework; path = System/Library/Frameworks/UIKit.framework; sourceTree = SDKROOT; };
		E671913517DFB9B0009240D9 /* Foundation.framework */ = {isa = PBXFileReference; lastKnownFileType = wrapper.framework; name = Foundation.framework; path = System/Library/Frameworks/Foundation.framework; sourceTree = SDKROOT; };
		E671913717DFB9B0009240D9 /* CoreGraphics.framework */ = {isa = PBXFileReference; lastKnownFileType = wrapper.framework; name = CoreGraphics.framework; path = System/Library/Frameworks/CoreGraphics.framework; sourceTree = SDKROOT; };
		E671913B17DFB9B0009240D9 /* StockTrackr_iOSPortion-Info.plist */ = {isa = PBXFileReference; lastKnownFileType = text.plist.xml; path = "StockTrackr_iOSPortion-Info.plist"; sourceTree = "<group>"; };
		E671913D17DFB9B0009240D9 /* en */ = {isa = PBXFileReference; lastKnownFileType = text.plist.strings; name = en; path = en.lproj/InfoPlist.strings; sourceTree = "<group>"; };
		E671913F17DFB9B0009240D9 /* main.m */ = {isa = PBXFileReference; lastKnownFileType = sourcecode.c.objc; path = main.m; sourceTree = "<group>"; };
		E671914117DFB9B0009240D9 /* StockTrackr_iOSPortion-Prefix.pch */ = {isa = PBXFileReference; lastKnownFileType = sourcecode.c.h; path = "StockTrackr_iOSPortion-Prefix.pch"; sourceTree = "<group>"; };
		E671914217DFB9B0009240D9 /* AppDelegate.h */ = {isa = PBXFileReference; lastKnownFileType = sourcecode.c.h; path = AppDelegate.h; sourceTree = "<group>"; };
		E671914317DFB9B0009240D9 /* AppDelegate.m */ = {isa = PBXFileReference; lastKnownFileType = sourcecode.c.objc; path = AppDelegate.m; sourceTree = "<group>"; };
		E671914517DFB9B0009240D9 /* Default.png */ = {isa = PBXFileReference; lastKnownFileType = image.png; path = Default.png; sourceTree = "<group>"; };
		E671914717DFB9B0009240D9 /* Default@2x.png */ = {isa = PBXFileReference; lastKnownFileType = image.png; path = "Default@2x.png"; sourceTree = "<group>"; };
		E671914917DFB9B0009240D9 /* Default-568h@2x.png */ = {isa = PBXFileReference; lastKnownFileType = image.png; path = "Default-568h@2x.png"; sourceTree = "<group>"; };
		E671914C17DFB9B0009240D9 /* en */ = {isa = PBXFileReference; lastKnownFileType = file.storyboard; name = en; path = en.lproj/MainStoryboard.storyboard; sourceTree = "<group>"; };
		E671914E17DFB9B0009240D9 /* ViewController.h */ = {isa = PBXFileReference; lastKnownFileType = sourcecode.c.h; path = ViewController.h; sourceTree = "<group>"; };
		E671914F17DFB9B0009240D9 /* ViewController.m */ = {isa = PBXFileReference; lastKnownFileType = sourcecode.c.objc; path = ViewController.m; sourceTree = "<group>"; };
		E680550517E1376700F8CB13 /* libsqlite3.dylib */ = {isa = PBXFileReference; lastKnownFileType = "compiled.mach-o.dylib"; name = libsqlite3.dylib; path = usr/lib/libsqlite3.dylib; sourceTree = SDKROOT; };
		E680550717E1385300F8CB13 /* Stock.h */ = {isa = PBXFileReference; fileEncoding = 4; lastKnownFileType = sourcecode.c.h; path = Stock.h; sourceTree = "<group>"; };
		E680550817E1386300F8CB13 /* Stock.m */ = {isa = PBXFileReference; fileEncoding = 4; lastKnownFileType = sourcecode.c.objc; path = Stock.m; sourceTree = "<group>"; };
/* End PBXFileReference section */

/* Begin PBXFrameworksBuildPhase section */
		E671912D17DFB9B0009240D9 /* Frameworks */ = {
			isa = PBXFrameworksBuildPhase;
			buildActionMask = 2147483647;
			files = (
				E680550617E1376700F8CB13 /* libsqlite3.dylib in Frameworks */,
				E671913417DFB9B0009240D9 /* UIKit.framework in Frameworks */,
				E671913617DFB9B0009240D9 /* Foundation.framework in Frameworks */,
				E671913817DFB9B0009240D9 /* CoreGraphics.framework in Frameworks */,
			);
			runOnlyForDeploymentPostprocessing = 0;
		};
/* End PBXFrameworksBuildPhase section */

/* Begin PBXGroup section */
		E671912717DFB9B0009240D9 = {
			isa = PBXGroup;
			children = (
				E671913917DFB9B0009240D9 /* StockTrackr_iOSPortion */,
				E671913217DFB9B0009240D9 /* Frameworks */,
				E671913117DFB9B0009240D9 /* Products */,
			);
			sourceTree = "<group>";
		};
		E671913117DFB9B0009240D9 /* Products */ = {
			isa = PBXGroup;
			children = (
				E671913017DFB9B0009240D9 /* StockTrackr_iOSPortion.app */,
			);
			name = Products;
			sourceTree = "<group>";
		};
		E671913217DFB9B0009240D9 /* Frameworks */ = {
			isa = PBXGroup;
			children = (
				E671913317DFB9B0009240D9 /* UIKit.framework */,
				E671913517DFB9B0009240D9 /* Foundation.framework */,
				E671913717DFB9B0009240D9 /* CoreGraphics.framework */,
			);
			name = Frameworks;
			sourceTree = "<group>";
		};
		E671913917DFB9B0009240D9 /* StockTrackr_iOSPortion */ = {
			isa = PBXGroup;
			children = (
				E680550517E1376700F8CB13 /* libsqlite3.dylib */,
				E680550817E1386300F8CB13 /* Stock.m */,
				E680550717E1385300F8CB13 /* Stock.h */,
				E671914217DFB9B0009240D9 /* AppDelegate.h */,
				E671914317DFB9B0009240D9 /* AppDelegate.m */,
				E671914B17DFB9B0009240D9 /* MainStoryboard.storyboard */,
				E671914E17DFB9B0009240D9 /* ViewController.h */,
				E671914F17DFB9B0009240D9 /* ViewController.m */,
				E671913A17DFB9B0009240D9 /* Supporting Files */,
			);
			path = StockTrackr_iOSPortion;
			sourceTree = "<group>";
		};
		E671913A17DFB9B0009240D9 /* Supporting Files */ = {
			isa = PBXGroup;
			children = (
				E671913B17DFB9B0009240D9 /* StockTrackr_iOSPortion-Info.plist */,
				E671913C17DFB9B0009240D9 /* InfoPlist.strings */,
				E671913F17DFB9B0009240D9 /* main.m */,
				E671914117DFB9B0009240D9 /* StockTrackr_iOSPortion-Prefix.pch */,
				E671914517DFB9B0009240D9 /* Default.png */,
				E671914717DFB9B0009240D9 /* Default@2x.png */,
				E671914917DFB9B0009240D9 /* Default-568h@2x.png */,
			);
			name = "Supporting Files";
			sourceTree = "<group>";
		};
/* End PBXGroup section */

/* Begin PBXNativeTarget section */
		E671912F17DFB9B0009240D9 /* StockTrackr_iOSPortion */ = {
			isa = PBXNativeTarget;
			buildConfigurationList = E671915317DFB9B0009240D9 /* Build configuration list for PBXNativeTarget "StockTrackr_iOSPortion" */;
			buildPhases = (
				E671912C17DFB9B0009240D9 /* Sources */,
				E671912D17DFB9B0009240D9 /* Frameworks */,
				E671912E17DFB9B0009240D9 /* Resources */,
			);
			buildRules = (
			);
			dependencies = (
			);
			name = StockTrackr_iOSPortion;
			productName = StockTrackr_iOSPortion;
			productReference = E671913017DFB9B0009240D9 /* StockTrackr_iOSPortion.app */;
			productType = "com.apple.product-type.application";
		};
/* End PBXNativeTarget section */

/* Begin PBXProject section */
		E671912817DFB9B0009240D9 /* Project object */ = {
			isa = PBXProject;
			attributes = {
				LastUpgradeCheck = 0460;
				ORGANIZATIONNAME = "Janelle Salisbury";
			};
			buildConfigurationList = E671912B17DFB9B0009240D9 /* Build configuration list for PBXProject "StockTrackr_iOSPortion" */;
			compatibilityVersion = "Xcode 3.2";
			developmentRegion = English;
			hasScannedForEncodings = 0;
			knownRegions = (
				en,
			);
			mainGroup = E671912717DFB9B0009240D9;
			productRefGroup = E671913117DFB9B0009240D9 /* Products */;
			projectDirPath = "";
			projectRoot = "";
			targets = (
				E671912F17DFB9B0009240D9 /* StockTrackr_iOSPortion */,
			);
		};
/* End PBXProject section */

/* Begin PBXResourcesBuildPhase section */
		E671912E17DFB9B0009240D9 /* Resources */ = {
			isa = PBXResourcesBuildPhase;
			buildActionMask = 2147483647;
			files = (
				E671913E17DFB9B0009240D9 /* InfoPlist.strings in Resources */,
				E671914617DFB9B0009240D9 /* Default.png in Resources */,
				E671914817DFB9B0009240D9 /* Default@2x.png in Resources */,
				E671914A17DFB9B0009240D9 /* Default-568h@2x.png in Resources */,
				E671914D17DFB9B0009240D9 /* MainStoryboard.storyboard in Resources */,
			);
			runOnlyForDeploymentPostprocessing = 0;
		};
/* End PBXResourcesBuildPhase section */

/* Begin PBXSourcesBuildPhase section */
		E671912C17DFB9B0009240D9 /* Sources */ = {
			isa = PBXSourcesBuildPhase;
			buildActionMask = 2147483647;
			files = (
				E671914017DFB9B0009240D9 /* main.m in Sources */,
				E671914417DFB9B0009240D9 /* AppDelegate.m in Sources */,
				E671915017DFB9B0009240D9 /* ViewController.m in Sources */,
				E680550917E1386300F8CB13 /* Stock.m in Sources */,
			);
			runOnlyForDeploymentPostprocessing = 0;
		};
/* End PBXSourcesBuildPhase section */

/* Begin PBXVariantGroup section */
		E671913C17DFB9B0009240D9 /* InfoPlist.strings */ = {
			isa = PBXVariantGroup;
			children = (
				E671913D17DFB9B0009240D9 /* en */,
			);
			name = InfoPlist.strings;
			sourceTree = "<group>";
		};
		E671914B17DFB9B0009240D9 /* MainStoryboard.storyboard */ = {
			isa = PBXVariantGroup;
			children = (
				E671914C17DFB9B0009240D9 /* en */,
			);
			name = MainStoryboard.storyboard;
			sourceTree = "<group>";
		};
/* End PBXVariantGroup section */

/* Begin XCBuildConfiguration section */
		E671915117DFB9B0009240D9 /* Debug */ = {
			isa = XCBuildConfiguration;
			buildSettings = {
				ALWAYS_SEARCH_USER_PATHS = NO;
				CLANG_CXX_LANGUAGE_STANDARD = "gnu++0x";
				CLANG_CXX_LIBRARY = "libc++";
				CLANG_ENABLE_OBJC_ARC = YES;
				CLANG_WARN_CONSTANT_CONVERSION = YES;
				CLANG_WARN_EMPTY_BODY = YES;
				CLANG_WARN_ENUM_CONVERSION = YES;
				CLANG_WARN_INT_CONVERSION = YES;
				CLANG_WARN__DUPLICATE_METHOD_MATCH = YES;
				"CODE_SIGN_IDENTITY[sdk=iphoneos*]" = "iPhone Developer";
				COPY_PHASE_STRIP = NO;
				GCC_C_LANGUAGE_STANDARD = gnu99;
				GCC_DYNAMIC_NO_PIC = NO;
				GCC_OPTIMIZATION_LEVEL = 0;
				GCC_PREPROCESSOR_DEFINITIONS = (
					"DEBUG=1",
					"$(inherited)",
				);
				GCC_SYMBOLS_PRIVATE_EXTERN = NO;
				GCC_WARN_ABOUT_RETURN_TYPE = YES;
				GCC_WARN_UNINITIALIZED_AUTOS = YES;
				GCC_WARN_UNUSED_VARIABLE = YES;
				IPHONEOS_DEPLOYMENT_TARGET = 6.1;
				ONLY_ACTIVE_ARCH = YES;
				SDKROOT = iphoneos;
			};
			name = Debug;
		};
		E671915217DFB9B0009240D9 /* Release */ = {
			isa = XCBuildConfiguration;
			buildSettings = {
				ALWAYS_SEARCH_USER_PATHS = NO;
				CLANG_CXX_LANGUAGE_STANDARD = "gnu++0x";
				CLANG_CXX_LIBRARY = "libc++";
				CLANG_ENABLE_OBJC_ARC = YES;
				CLANG_WARN_CONSTANT_CONVERSION = YES;
				CLANG_WARN_EMPTY_BODY = YES;
				CLANG_WARN_ENUM_CONVERSION = YES;
				CLANG_WARN_INT_CONVERSION = YES;
				CLANG_WARN__DUPLICATE_METHOD_MATCH = YES;
				"CODE_SIGN_IDENTITY[sdk=iphoneos*]" = "iPhone Developer";
				COPY_PHASE_STRIP = YES;
				GCC_C_LANGUAGE_STANDARD = gnu99;
				GCC_WARN_ABOUT_RETURN_TYPE = YES;
				GCC_WARN_UNINITIALIZED_AUTOS = YES;
				GCC_WARN_UNUSED_VARIABLE = YES;
				IPHONEOS_DEPLOYMENT_TARGET = 6.1;
				OTHER_CFLAGS = "-DNS_BLOCK_ASSERTIONS=1";
				SDKROOT = iphoneos;
				VALIDATE_PRODUCT = YES;
			};
			name = Release;
		};
		E671915417DFB9B0009240D9 /* Debug */ = {
			isa = XCBuildConfiguration;
			buildSettings = {
				GCC_PRECOMPILE_PREFIX_HEADER = YES;
				GCC_PREFIX_HEADER = "StockTrackr_iOSPortion/StockTrackr_iOSPortion-Prefix.pch";
				INFOPLIST_FILE = "StockTrackr_iOSPortion/StockTrackr_iOSPortion-Info.plist";
				PRODUCT_NAME = "$(TARGET_NAME)";
				WRAPPER_EXTENSION = app;
			};
			name = Debug;
		};
		E671915517DFB9B0009240D9 /* Release */ = {
			isa = XCBuildConfiguration;
			buildSettings = {
				GCC_PRECOMPILE_PREFIX_HEADER = YES;
				GCC_PREFIX_HEADER = "StockTrackr_iOSPortion/StockTrackr_iOSPortion-Prefix.pch";
				INFOPLIST_FILE = "StockTrackr_iOSPortion/StockTrackr_iOSPortion-Info.plist";
				PRODUCT_NAME = "$(TARGET_NAME)";
				WRAPPER_EXTENSION = app;
			};
			name = Release;
		};
/* End XCBuildConfiguration section */

/* Begin XCConfigurationList section */
		E671912B17DFB9B0009240D9 /* Build configuration list for PBXProject "StockTrackr_iOSPortion" */ = {
			isa = XCConfigurationList;
			buildConfigurations = (
				E671915117DFB9B0009240D9 /* Debug */,
				E671915217DFB9B0009240D9 /* Release */,
			);
			defaultConfigurationIsVisible = 0;
			defaultConfigurationName = Release;
		};
		E671915317DFB9B0009240D9 /* Build configuration list for PBXNativeTarget "StockTrackr_iOSPortion" */ = {
			isa = XCConfigurationList;
			buildConfigurations = (
				E671915417DFB9B0009240D9 /* Debug */,
				E671915517DFB9B0009240D9 /* Release */,
			);
			defaultConfigurationIsVisible = 0;
			defaultConfigurationName = Release;
		};
/* End XCConfigurationList section */
	};
	rootObject = E671912817DFB9B0009240D9 /* Project object */;
}
